
Microsoft Visual Studio Solution File, Format Version 12.00
# Visual Studio Version 16
VisualStudioVersion = 16.0.31112.23
MinimumVisualStudioVersion = 10.0.40219.1
Project("{2150E333-8FDC-42A3-9474-1A3956D46DE8}") = "Chapter02", "Chapter02", "{757B7C8A-4AEA-4E8D-9590-214718C4CDD8}"
EndProject
Project("{FAE04EC0-301F-11D3-BF4B-00C04F79EFBC}") = "DistanceConverter", "DistanceConverter\DistanceConverter.csproj", "{B28B2322-D6F6-4623-B9D4-BE535409A126}"
EndProject
Project("{FAE04EC0-301F-11D3-BF4B-00C04F79EFBC}") = "SalesCalculator", "SalesCalculator\SalesCalculator.csproj", "{D17E6052-29A9-4FAC-B0BE-888B62B756C4}"
EndProject
Project("{FAE04EC0-301F-11D3-BF4B-00C04F79EFBC}") = "Exercise1", "Exercise1\Exercise1.csproj", "{959BCA24-4E16-4FDA-AB0C-A746DBEE6A3B}"
EndProject
Project("{2150E333-8FDC-42A3-9474-1A3956D46DE8}") = "Exercise", "Exercise", "{FFEE67BF-F0D8-4B7D-AE91-33EA2FC17593}"
EndProject
Project("{FAE04EC0-301F-11D3-BF4B-00C04F79EFBC}") = "Exercise2", "Exercise2\Exercise2.csproj", "{B8D64331-2777-44E4-89AE-92F9207A006E}"
EndProject
Project("{FAE04EC0-301F-11D3-BF4B-00C04F79EFBC}") = "Exercise3", "Exercise3\Exercise3.csproj", "{83F7970C-5438-4EE7-9834-D84C761119DC}"
EndProject
Project("{2150E333-8FDC-42A3-9474-1A3956D46DE8}") = "Chapter03", "Chapter03", "{0C3B3BA7-4577-44CC-8C78-DD147CC1E70D}"
EndProject
Project("{FAE04EC0-301F-11D3-BF4B-00C04F79EFBC}") = "Section01", "Section01\Section01.csproj", "{FC8EA103-18EA-4996-B6A3-DF227CAC6396}"
EndProject
Project("{2150E333-8FDC-42A3-9474-1A3956D46DE8}") = "Chapter04", "Chapter04", "{B1470572-6583-4F4D-8147-1F2A1CCEEA2E}"
	ProjectSection(SolutionItems) = preProject
		..\..\..\Desktop\32141\aaa.txt = ..\..\..\Desktop\32141\aaa.txt
	EndProjectSection
EndProject
Project("{FAE04EC0-301F-11D3-BF4B-00C04F79EFBC}") = "Section01", "Chapter04\Section01\Section01.csproj", "{CF16DF80-EF1F-4D5F-91AC-6994E42FE921}"
EndProject
Project("{FAE04EC0-301F-11D3-BF4B-00C04F79EFBC}") = "Exercise1", "Chapter04\Exercise\Exercise1\Exercise1.csproj", "{FF74766D-E120-411A-A462-46B712DC00A2}"
EndProject
Project("{2150E333-8FDC-42A3-9474-1A3956D46DE8}") = "Exercise", "Exercise", "{628306B2-3428-4709-8824-C9DE6BBAA729}"
EndProject
Project("{FAE04EC0-301F-11D3-BF4B-00C04F79EFBC}") = "Exercise2", "Chapter04\Exercise\Exercise2\Exercise2.csproj", "{0A4F28F9-2329-4C4B-AB87-B5E838FC3787}"
EndProject
Project("{FAE04EC0-301F-11D3-BF4B-00C04F79EFBC}") = "Exercise1", "Chapter05\Exercise1\Exercise1.csproj", "{38C220A4-5FFF-4D6F-A195-A03F276A0F8F}"
EndProject
Project("{2150E333-8FDC-42A3-9474-1A3956D46DE8}") = "Chapter05", "Chapter05", "{68EB84A9-147F-4219-BADF-82CFD3E5220D}"
EndProject
Project("{FAE04EC0-301F-11D3-BF4B-00C04F79EFBC}") = "Test01", "TestProject\Test01\Test01.csproj", "{2BFACDC3-F44D-4199-8498-F5C3C4AC0335}"
EndProject
Project("{FAE04EC0-301F-11D3-BF4B-00C04F79EFBC}") = "Test02", "TestProject\Test02\Test02.csproj", "{E461C0A8-8900-485C-B520-E929BA33F712}"
EndProject
Project("{2150E333-8FDC-42A3-9474-1A3956D46DE8}") = "TestProject", "TestProject", "{B134A2FB-EAD4-4F3F-A30D-B2DC59094AA5}"
EndProject
Project("{FAE04EC0-301F-11D3-BF4B-00C04F79EFBC}") = "Exercise2", "Chapter05\Exercise2\Exercise2.csproj", "{83E38CC8-D8E4-4258-A3D2-E92EC3EE54E3}"
EndProject
Project("{FAE04EC0-301F-11D3-BF4B-00C04F79EFBC}") = "Exercise3", "Chapter05\Exercise3\Exercise3.csproj", "{3B2484F3-CCB1-4741-8BFB-C1C84976D0D9}"
EndProject
Project("{FAE04EC0-301F-11D3-BF4B-00C04F79EFBC}") = "Section01", "Chaoter06\Section01\Section01.csproj", "{407B093D-8F85-4B18-85F7-A29982539CCF}"
EndProject
Project("{2150E333-8FDC-42A3-9474-1A3956D46DE8}") = "Chapter06", "Chapter06", "{0DC3EBBD-5EF4-4F66-8BF1-B4C824D7134B}"
EndProject
Project("{FAE04EC0-301F-11D3-BF4B-00C04F79EFBC}") = "Exercise1", "Chaoter06\Exercise\Exercise1\Exercise1.csproj", "{DEEA38B6-E910-4684-9CC4-CB8E267C1A4E}"
EndProject
Project("{FAE04EC0-301F-11D3-BF4B-00C04F79EFBC}") = "Exercise2", "Chaoter06\Exercise\Exercise2\Exercise2.csproj", "{F9BC7ACD-19E7-4C94-8198-F869FCC87B98}"
EndProject
Project("{2150E333-8FDC-42A3-9474-1A3956D46DE8}") = "Exercise", "Exercise", "{7E663DD1-0DDC-486E-BA5E-B481B36D400A}"
EndProject
Project("{2150E333-8FDC-42A3-9474-1A3956D46DE8}") = "Chapter07", "Chapter07", "{C72CD943-CB91-4B18-9BBB-1358FFAA8422}"
EndProject
Project("{FAE04EC0-301F-11D3-BF4B-00C04F79EFBC}") = "Exercise1", "Chapter07\Exercise1\Exercise1.csproj", "{219D2BE2-81B5-4158-AC52-32FF96B02E28}"
EndProject
Project("{FAE04EC0-301F-11D3-BF4B-00C04F79EFBC}") = "Exercise2", "Chapter07\Exercise2\Exercise2.csproj", "{DB5EA818-C392-4145-AED8-4D26EEA452A1}"
EndProject
Project("{2150E333-8FDC-42A3-9474-1A3956D46DE8}") = "Chapter08", "Chapter08", "{0EC112DF-618C-406F-9215-3A63672AA703}"
EndProject
Project("{FAE04EC0-301F-11D3-BF4B-00C04F79EFBC}") = "Exercise1", "Chapter08\Exercise1\Exercise1.csproj", "{50345611-C09E-4FA0-ACFC-BE351277572F}"
EndProject
Project("{2150E333-8FDC-42A3-9474-1A3956D46DE8}") = "Exercise", "Exercise", "{743072C6-4F0D-44F2-B98E-C75C9E3F385B}"
EndProject
Project("{FAE04EC0-301F-11D3-BF4B-00C04F79EFBC}") = "Exercise01", "Chapter08\Exercise\Exercise01\Exercise01.csproj", "{4AAC5BA9-C319-4A5D-AB6B-66A0A35815DA}"
EndProject
Project("{FAE04EC0-301F-11D3-BF4B-00C04F79EFBC}") = "StopWatch", "Chapter08\StopWatch\StopWatch.csproj", "{0AC3558B-88FB-4953-8D11-7C31009AE0B5}"
EndProject
Project("{FAE04EC0-301F-11D3-BF4B-00C04F79EFBC}") = "Zisaku", "Chapter04\Section01\Zisaku\Zisaku.csproj", "{900D9B8E-189F-40AE-9E41-DFC2225B9A65}"
EndProject
Project("{2150E333-8FDC-42A3-9474-1A3956D46DE8}") = "CarReportSystem", "CarReportSystem", "{349727B0-B20A-4C4E-9709-D9231AD0CDCB}"
EndProject
Project("{2150E333-8FDC-42A3-9474-1A3956D46DE8}") = "Chapter", "Chapter", "{68AECD80-C11B-4BF7-BEAF-832598B6B2C6}"
EndProject
Project("{FAE04EC0-301F-11D3-BF4B-00C04F79EFBC}") = "CarReportSystem", "CarReportSystem\CarReportSystem\CarReportSystem.csproj", "{33A551E3-F73D-4001-B080-5CADD9DD65F9}"
EndProject
Global
	GlobalSection(SolutionConfigurationPlatforms) = preSolution
		Debug|Any CPU = Debug|Any CPU
		Release|Any CPU = Release|Any CPU
	EndGlobalSection
	GlobalSection(ProjectConfigurationPlatforms) = postSolution
		{B28B2322-D6F6-4623-B9D4-BE535409A126}.Debug|Any CPU.ActiveCfg = Debug|Any CPU
		{B28B2322-D6F6-4623-B9D4-BE535409A126}.Debug|Any CPU.Build.0 = Debug|Any CPU
		{B28B2322-D6F6-4623-B9D4-BE535409A126}.Release|Any CPU.ActiveCfg = Release|Any CPU
		{B28B2322-D6F6-4623-B9D4-BE535409A126}.Release|Any CPU.Build.0 = Release|Any CPU
		{D17E6052-29A9-4FAC-B0BE-888B62B756C4}.Debug|Any CPU.ActiveCfg = Debug|Any CPU
		{D17E6052-29A9-4FAC-B0BE-888B62B756C4}.Debug|Any CPU.Build.0 = Debug|Any CPU
		{D17E6052-29A9-4FAC-B0BE-888B62B756C4}.Release|Any CPU.ActiveCfg = Release|Any CPU
		{D17E6052-29A9-4FAC-B0BE-888B62B756C4}.Release|Any CPU.Build.0 = Release|Any CPU
		{959BCA24-4E16-4FDA-AB0C-A746DBEE6A3B}.Debug|Any CPU.ActiveCfg = Debug|Any CPU
		{959BCA24-4E16-4FDA-AB0C-A746DBEE6A3B}.Debug|Any CPU.Build.0 = Debug|Any CPU
		{959BCA24-4E16-4FDA-AB0C-A746DBEE6A3B}.Release|Any CPU.ActiveCfg = Release|Any CPU
		{959BCA24-4E16-4FDA-AB0C-A746DBEE6A3B}.Release|Any CPU.Build.0 = Release|Any CPU
		{B8D64331-2777-44E4-89AE-92F9207A006E}.Debug|Any CPU.ActiveCfg = Debug|Any CPU
		{B8D64331-2777-44E4-89AE-92F9207A006E}.Debug|Any CPU.Build.0 = Debug|Any CPU
		{B8D64331-2777-44E4-89AE-92F9207A006E}.Release|Any CPU.ActiveCfg = Release|Any CPU
		{B8D64331-2777-44E4-89AE-92F9207A006E}.Release|Any CPU.Build.0 = Release|Any CPU
		{83F7970C-5438-4EE7-9834-D84C761119DC}.Debug|Any CPU.ActiveCfg = Debug|Any CPU
		{83F7970C-5438-4EE7-9834-D84C761119DC}.Debug|Any CPU.Build.0 = Debug|Any CPU
		{83F7970C-5438-4EE7-9834-D84C761119DC}.Release|Any CPU.ActiveCfg = Release|Any CPU
		{83F7970C-5438-4EE7-9834-D84C761119DC}.Release|Any CPU.Build.0 = Release|Any CPU
		{FC8EA103-18EA-4996-B6A3-DF227CAC6396}.Debug|Any CPU.ActiveCfg = Debug|Any CPU
		{FC8EA103-18EA-4996-B6A3-DF227CAC6396}.Debug|Any CPU.Build.0 = Debug|Any CPU
		{FC8EA103-18EA-4996-B6A3-DF227CAC6396}.Release|Any CPU.ActiveCfg = Release|Any CPU
		{FC8EA103-18EA-4996-B6A3-DF227CAC6396}.Release|Any CPU.Build.0 = Release|Any CPU
		{CF16DF80-EF1F-4D5F-91AC-6994E42FE921}.Debug|Any CPU.ActiveCfg = Debug|Any CPU
		{CF16DF80-EF1F-4D5F-91AC-6994E42FE921}.Debug|Any CPU.Build.0 = Debug|Any CPU
		{CF16DF80-EF1F-4D5F-91AC-6994E42FE921}.Release|Any CPU.ActiveCfg = Release|Any CPU
		{CF16DF80-EF1F-4D5F-91AC-6994E42FE921}.Release|Any CPU.Build.0 = Release|Any CPU
		{FF74766D-E120-411A-A462-46B712DC00A2}.Debug|Any CPU.ActiveCfg = Debug|Any CPU
		{FF74766D-E120-411A-A462-46B712DC00A2}.Debug|Any CPU.Build.0 = Debug|Any CPU
		{FF74766D-E120-411A-A462-46B712DC00A2}.Release|Any CPU.ActiveCfg = Release|Any CPU
		{FF74766D-E120-411A-A462-46B712DC00A2}.Release|Any CPU.Build.0 = Release|Any CPU
		{0A4F28F9-2329-4C4B-AB87-B5E838FC3787}.Debug|Any CPU.ActiveCfg = Debug|Any CPU
		{0A4F28F9-2329-4C4B-AB87-B5E838FC3787}.Debug|Any CPU.Build.0 = Debug|Any CPU
		{0A4F28F9-2329-4C4B-AB87-B5E838FC3787}.Release|Any CPU.ActiveCfg = Release|Any CPU
		{0A4F28F9-2329-4C4B-AB87-B5E838FC3787}.Release|Any CPU.Build.0 = Release|Any CPU
		{38C220A4-5FFF-4D6F-A195-A03F276A0F8F}.Debug|Any CPU.ActiveCfg = Debug|Any CPU
		{38C220A4-5FFF-4D6F-A195-A03F276A0F8F}.Debug|Any CPU.Build.0 = Debug|Any CPU
		{38C220A4-5FFF-4D6F-A195-A03F276A0F8F}.Release|Any CPU.ActiveCfg = Release|Any CPU
		{38C220A4-5FFF-4D6F-A195-A03F276A0F8F}.Release|Any CPU.Build.0 = Release|Any CPU
		{2BFACDC3-F44D-4199-8498-F5C3C4AC0335}.Debug|Any CPU.ActiveCfg = Debug|Any CPU
		{2BFACDC3-F44D-4199-8498-F5C3C4AC0335}.Debug|Any CPU.Build.0 = Debug|Any CPU
		{2BFACDC3-F44D-4199-8498-F5C3C4AC0335}.Release|Any CPU.ActiveCfg = Release|Any CPU
		{2BFACDC3-F44D-4199-8498-F5C3C4AC0335}.Release|Any CPU.Build.0 = Release|Any CPU
		{E461C0A8-8900-485C-B520-E929BA33F712}.Debug|Any CPU.ActiveCfg = Debug|Any CPU
		{E461C0A8-8900-485C-B520-E929BA33F712}.Debug|Any CPU.Build.0 = Debug|Any CPU
		{E461C0A8-8900-485C-B520-E929BA33F712}.Release|Any CPU.ActiveCfg = Release|Any CPU
		{E461C0A8-8900-485C-B520-E929BA33F712}.Release|Any CPU.Build.0 = Release|Any CPU
		{83E38CC8-D8E4-4258-A3D2-E92EC3EE54E3}.Debug|Any CPU.ActiveCfg = Debug|Any CPU
		{83E38CC8-D8E4-4258-A3D2-E92EC3EE54E3}.Debug|Any CPU.Build.0 = Debug|Any CPU
		{83E38CC8-D8E4-4258-A3D2-E92EC3EE54E3}.Release|Any CPU.ActiveCfg = Release|Any CPU
		{83E38CC8-D8E4-4258-A3D2-E92EC3EE54E3}.Release|Any CPU.Build.0 = Release|Any CPU
		{3B2484F3-CCB1-4741-8BFB-C1C84976D0D9}.Debug|Any CPU.ActiveCfg = Debug|Any CPU
		{3B2484F3-CCB1-4741-8BFB-C1C84976D0D9}.Debug|Any CPU.Build.0 = Debug|Any CPU
		{3B2484F3-CCB1-4741-8BFB-C1C84976D0D9}.Release|Any CPU.ActiveCfg = Release|Any CPU
		{3B2484F3-CCB1-4741-8BFB-C1C84976D0D9}.Release|Any CPU.Build.0 = Release|Any CPU
		{407B093D-8F85-4B18-85F7-A29982539CCF}.Debug|Any CPU.ActiveCfg = Debug|Any CPU
		{407B093D-8F85-4B18-85F7-A29982539CCF}.Debug|Any CPU.Build.0 = Debug|Any CPU
		{407B093D-8F85-4B18-85F7-A29982539CCF}.Release|Any CPU.ActiveCfg = Release|Any CPU
		{407B093D-8F85-4B18-85F7-A29982539CCF}.Release|Any CPU.Build.0 = Release|Any CPU
		{DEEA38B6-E910-4684-9CC4-CB8E267C1A4E}.Debug|Any CPU.ActiveCfg = Debug|Any CPU
		{DEEA38B6-E910-4684-9CC4-CB8E267C1A4E}.Debug|Any CPU.Build.0 = Debug|Any CPU
		{DEEA38B6-E910-4684-9CC4-CB8E267C1A4E}.Release|Any CPU.ActiveCfg = Release|Any CPU
		{DEEA38B6-E910-4684-9CC4-CB8E267C1A4E}.Release|Any CPU.Build.0 = Release|Any CPU
		{F9BC7ACD-19E7-4C94-8198-F869FCC87B98}.Debug|Any CPU.ActiveCfg = Debug|Any CPU
		{F9BC7ACD-19E7-4C94-8198-F869FCC87B98}.Debug|Any CPU.Build.0 = Debug|Any CPU
		{F9BC7ACD-19E7-4C94-8198-F869FCC87B98}.Release|Any CPU.ActiveCfg = Release|Any CPU
		{F9BC7ACD-19E7-4C94-8198-F869FCC87B98}.Release|Any CPU.Build.0 = Release|Any CPU
		{219D2BE2-81B5-4158-AC52-32FF96B02E28}.Debug|Any CPU.ActiveCfg = Debug|Any CPU
		{219D2BE2-81B5-4158-AC52-32FF96B02E28}.Debug|Any CPU.Build.0 = Debug|Any CPU
		{219D2BE2-81B5-4158-AC52-32FF96B02E28}.Release|Any CPU.ActiveCfg = Release|Any CPU
		{219D2BE2-81B5-4158-AC52-32FF96B02E28}.Release|Any CPU.Build.0 = Release|Any CPU
		{DB5EA818-C392-4145-AED8-4D26EEA452A1}.Debug|Any CPU.ActiveCfg = Debug|Any CPU
		{DB5EA818-C392-4145-AED8-4D26EEA452A1}.Debug|Any CPU.Build.0 = Debug|Any CPU
		{DB5EA818-C392-4145-AED8-4D26EEA452A1}.Release|Any CPU.ActiveCfg = Release|Any CPU
		{DB5EA818-C392-4145-AED8-4D26EEA452A1}.Release|Any CPU.Build.0 = Release|Any CPU
		{50345611-C09E-4FA0-ACFC-BE351277572F}.Debug|Any CPU.ActiveCfg = Debug|Any CPU
		{50345611-C09E-4FA0-ACFC-BE351277572F}.Debug|Any CPU.Build.0 = Debug|Any CPU
		{50345611-C09E-4FA0-ACFC-BE351277572F}.Release|Any CPU.ActiveCfg = Release|Any CPU
		{50345611-C09E-4FA0-ACFC-BE351277572F}.Release|Any CPU.Build.0 = Release|Any CPU
		{4AAC5BA9-C319-4A5D-AB6B-66A0A35815DA}.Debug|Any CPU.ActiveCfg = Debug|Any CPU
		{4AAC5BA9-C319-4A5D-AB6B-66A0A35815DA}.Debug|Any CPU.Build.0 = Debug|Any CPU
		{4AAC5BA9-C319-4A5D-AB6B-66A0A35815DA}.Release|Any CPU.ActiveCfg = Release|Any CPU
		{4AAC5BA9-C319-4A5D-AB6B-66A0A35815DA}.Release|Any CPU.Build.0 = Release|Any CPU
		{0AC3558B-88FB-4953-8D11-7C31009AE0B5}.Debug|Any CPU.ActiveCfg = Debug|Any CPU
		{0AC3558B-88FB-4953-8D11-7C31009AE0B5}.Debug|Any CPU.Build.0 = Debug|Any CPU
		{0AC3558B-88FB-4953-8D11-7C31009AE0B5}.Release|Any CPU.ActiveCfg = Release|Any CPU
		{0AC3558B-88FB-4953-8D11-7C31009AE0B5}.Release|Any CPU.Build.0 = Release|Any CPU
		{900D9B8E-189F-40AE-9E41-DFC2225B9A65}.Debug|Any CPU.ActiveCfg = Debug|Any CPU
		{900D9B8E-189F-40AE-9E41-DFC2225B9A65}.Debug|Any CPU.Build.0 = Debug|Any CPU
		{900D9B8E-189F-40AE-9E41-DFC2225B9A65}.Release|Any CPU.ActiveCfg = Release|Any CPU
		{900D9B8E-189F-40AE-9E41-DFC2225B9A65}.Release|Any CPU.Build.0 = Release|Any CPU
		{33A551E3-F73D-4001-B080-5CADD9DD65F9}.Debug|Any CPU.ActiveCfg = Debug|Any CPU
		{33A551E3-F73D-4001-B080-5CADD9DD65F9}.Debug|Any CPU.Build.0 = Debug|Any CPU
		{33A551E3-F73D-4001-B080-5CADD9DD65F9}.Release|Any CPU.ActiveCfg = Release|Any CPU
		{33A551E3-F73D-4001-B080-5CADD9DD65F9}.Release|Any CPU.Build.0 = Release|Any CPU
	EndGlobalSection
	GlobalSection(SolutionProperties) = preSolution
		HideSolutionNode = FALSE
	EndGlobalSection
	GlobalSection(NestedProjects) = preSolution
		{757B7C8A-4AEA-4E8D-9590-214718C4CDD8} = {68AECD80-C11B-4BF7-BEAF-832598B6B2C6}
		{B28B2322-D6F6-4623-B9D4-BE535409A126} = {757B7C8A-4AEA-4E8D-9590-214718C4CDD8}
		{D17E6052-29A9-4FAC-B0BE-888B62B756C4} = {757B7C8A-4AEA-4E8D-9590-214718C4CDD8}
		{959BCA24-4E16-4FDA-AB0C-A746DBEE6A3B} = {FFEE67BF-F0D8-4B7D-AE91-33EA2FC17593}
		{FFEE67BF-F0D8-4B7D-AE91-33EA2FC17593} = {757B7C8A-4AEA-4E8D-9590-214718C4CDD8}
		{B8D64331-2777-44E4-89AE-92F9207A006E} = {FFEE67BF-F0D8-4B7D-AE91-33EA2FC17593}
		{83F7970C-5438-4EE7-9834-D84C761119DC} = {FFEE67BF-F0D8-4B7D-AE91-33EA2FC17593}
		{0C3B3BA7-4577-44CC-8C78-DD147CC1E70D} = {68AECD80-C11B-4BF7-BEAF-832598B6B2C6}
		{FC8EA103-18EA-4996-B6A3-DF227CAC6396} = {0C3B3BA7-4577-44CC-8C78-DD147CC1E70D}
		{B1470572-6583-4F4D-8147-1F2A1CCEEA2E} = {68AECD80-C11B-4BF7-BEAF-832598B6B2C6}
		{CF16DF80-EF1F-4D5F-91AC-6994E42FE921} = {B1470572-6583-4F4D-8147-1F2A1CCEEA2E}
		{FF74766D-E120-411A-A462-46B712DC00A2} = {628306B2-3428-4709-8824-C9DE6BBAA729}
		{628306B2-3428-4709-8824-C9DE6BBAA729} = {B1470572-6583-4F4D-8147-1F2A1CCEEA2E}
		{0A4F28F9-2329-4C4B-AB87-B5E838FC3787} = {628306B2-3428-4709-8824-C9DE6BBAA729}
		{38C220A4-5FFF-4D6F-A195-A03F276A0F8F} = {68EB84A9-147F-4219-BADF-82CFD3E5220D}
		{68EB84A9-147F-4219-BADF-82CFD3E5220D} = {68AECD80-C11B-4BF7-BEAF-832598B6B2C6}
		{2BFACDC3-F44D-4199-8498-F5C3C4AC0335} = {B134A2FB-EAD4-4F3F-A30D-B2DC59094AA5}
		{E461C0A8-8900-485C-B520-E929BA33F712} = {B134A2FB-EAD4-4F3F-A30D-B2DC59094AA5}
		{83E38CC8-D8E4-4258-A3D2-E92EC3EE54E3} = {68EB84A9-147F-4219-BADF-82CFD3E5220D}
		{3B2484F3-CCB1-4741-8BFB-C1C84976D0D9} = {68EB84A9-147F-4219-BADF-82CFD3E5220D}
		{407B093D-8F85-4B18-85F7-A29982539CCF} = {0DC3EBBD-5EF4-4F66-8BF1-B4C824D7134B}
		{0DC3EBBD-5EF4-4F66-8BF1-B4C824D7134B} = {68AECD80-C11B-4BF7-BEAF-832598B6B2C6}
		{DEEA38B6-E910-4684-9CC4-CB8E267C1A4E} = {7E663DD1-0DDC-486E-BA5E-B481B36D400A}
		{F9BC7ACD-19E7-4C94-8198-F869FCC87B98} = {7E663DD1-0DDC-486E-BA5E-B481B36D400A}
		{7E663DD1-0DDC-486E-BA5E-B481B36D400A} = {0DC3EBBD-5EF4-4F66-8BF1-B4C824D7134B}
		{C72CD943-CB91-4B18-9BBB-1358FFAA8422} = {68AECD80-C11B-4BF7-BEAF-832598B6B2C6}
		{219D2BE2-81B5-4158-AC52-32FF96B02E28} = {C72CD943-CB91-4B18-9BBB-1358FFAA8422}
		{DB5EA818-C392-4145-AED8-4D26EEA452A1} = {C72CD943-CB91-4B18-9BBB-1358FFAA8422}
		{0EC112DF-618C-406F-9215-3A63672AA703} = {68AECD80-C11B-4BF7-BEAF-832598B6B2C6}
		{50345611-C09E-4FA0-ACFC-BE351277572F} = {0EC112DF-618C-406F-9215-3A63672AA703}
		{743072C6-4F0D-44F2-B98E-C75C9E3F385B} = {0EC112DF-618C-406F-9215-3A63672AA703}
		{4AAC5BA9-C319-4A5D-AB6B-66A0A35815DA} = {743072C6-4F0D-44F2-B98E-C75C9E3F385B}
		{0AC3558B-88FB-4953-8D11-7C31009AE0B5} = {0EC112DF-618C-406F-9215-3A63672AA703}
		{900D9B8E-189F-40AE-9E41-DFC2225B9A65} = {B1470572-6583-4F4D-8147-1F2A1CCEEA2E}
		{33A551E3-F73D-4001-B080-5CADD9DD65F9} = {349727B0-B20A-4C4E-9709-D9231AD0CDCB}
	EndGlobalSection
	GlobalSection(ExtensibilityGlobals) = postSolution
		SolutionGuid = {E68B9E3B-52FE-49E7-AAA6-3E8123D39C1B}
	EndGlobalSection
EndGlobal
