
Microsoft Visual Studio Solution File, Format Version 12.00
# Visual Studio Version 16
VisualStudioVersion = 16.0.31112.23
MinimumVisualStudioVersion = 10.0.40219.1
Project("{2150E333-8FDC-42A3-9474-1A3956D46DE8}") = "Chapter02", "Chapter02", "{757B7C8A-4AEA-4E8D-9590-214718C4CDD8}"
EndProject
Project("{FAE04EC0-301F-11D3-BF4B-00C04F79EFBC}") = "DistanceConverter", "DistanceConverter\DistanceConverter.csproj", "{B28B2322-D6F6-4623-B9D4-BE535409A126}"
EndProject
Project("{FAE04EC0-301F-11D3-BF4B-00C04F79EFBC}") = "SalesCalculator", "SalesCalculator\SalesCalculator.csproj", "{D17E6052-29A9-4FAC-B0BE-888B62B756C4}"
EndProject
Project("{FAE04EC0-301F-11D3-BF4B-00C04F79EFBC}") = "Exercise1", "Exercise1\Exercise1.csproj", "{959BCA24-4E16-4FDA-AB0C-A746DBEE6A3B}"
EndProject
Project("{2150E333-8FDC-42A3-9474-1A3956D46DE8}") = "Exercise", "Exercise", "{FFEE67BF-F0D8-4B7D-AE91-33EA2FC17593}"
EndProject
Project("{FAE04EC0-301F-11D3-BF4B-00C04F79EFBC}") = "Exercise2", "Exercise2\Exercise2.csproj", "{B8D64331-2777-44E4-89AE-92F9207A006E}"
EndProject
Global
	GlobalSection(SolutionConfigurationPlatforms) = preSolution
		Debug|Any CPU = Debug|Any CPU
		Release|Any CPU = Release|Any CPU
	EndGlobalSection
	GlobalSection(ProjectConfigurationPlatforms) = postSolution
		{B28B2322-D6F6-4623-B9D4-BE535409A126}.Debug|Any CPU.ActiveCfg = Debug|Any CPU
		{B28B2322-D6F6-4623-B9D4-BE535409A126}.Debug|Any CPU.Build.0 = Debug|Any CPU
		{B28B2322-D6F6-4623-B9D4-BE535409A126}.Release|Any CPU.ActiveCfg = Release|Any CPU
		{B28B2322-D6F6-4623-B9D4-BE535409A126}.Release|Any CPU.Build.0 = Release|Any CPU
		{D17E6052-29A9-4FAC-B0BE-888B62B756C4}.Debug|Any CPU.ActiveCfg = Debug|Any CPU
		{D17E6052-29A9-4FAC-B0BE-888B62B756C4}.Debug|Any CPU.Build.0 = Debug|Any CPU
		{D17E6052-29A9-4FAC-B0BE-888B62B756C4}.Release|Any CPU.ActiveCfg = Release|Any CPU
		{D17E6052-29A9-4FAC-B0BE-888B62B756C4}.Release|Any CPU.Build.0 = Release|Any CPU
		{959BCA24-4E16-4FDA-AB0C-A746DBEE6A3B}.Debug|Any CPU.ActiveCfg = Debug|Any CPU
		{959BCA24-4E16-4FDA-AB0C-A746DBEE6A3B}.Debug|Any CPU.Build.0 = Debug|Any CPU
		{959BCA24-4E16-4FDA-AB0C-A746DBEE6A3B}.Release|Any CPU.ActiveCfg = Release|Any CPU
		{959BCA24-4E16-4FDA-AB0C-A746DBEE6A3B}.Release|Any CPU.Build.0 = Release|Any CPU
		{B8D64331-2777-44E4-89AE-92F9207A006E}.Debug|Any CPU.ActiveCfg = Debug|Any CPU
		{B8D64331-2777-44E4-89AE-92F9207A006E}.Debug|Any CPU.Build.0 = Debug|Any CPU
		{B8D64331-2777-44E4-89AE-92F9207A006E}.Release|Any CPU.ActiveCfg = Release|Any CPU
		{B8D64331-2777-44E4-89AE-92F9207A006E}.Release|Any CPU.Build.0 = Release|Any CPU
	EndGlobalSection
	GlobalSection(SolutionProperties) = preSolution
		HideSolutionNode = FALSE
	EndGlobalSection
	GlobalSection(NestedProjects) = preSolution
		{B28B2322-D6F6-4623-B9D4-BE535409A126} = {757B7C8A-4AEA-4E8D-9590-214718C4CDD8}
		{D17E6052-29A9-4FAC-B0BE-888B62B756C4} = {757B7C8A-4AEA-4E8D-9590-214718C4CDD8}
		{959BCA24-4E16-4FDA-AB0C-A746DBEE6A3B} = {FFEE67BF-F0D8-4B7D-AE91-33EA2FC17593}
		{FFEE67BF-F0D8-4B7D-AE91-33EA2FC17593} = {757B7C8A-4AEA-4E8D-9590-214718C4CDD8}
		{B8D64331-2777-44E4-89AE-92F9207A006E} = {FFEE67BF-F0D8-4B7D-AE91-33EA2FC17593}
	EndGlobalSection
	GlobalSection(ExtensibilityGlobals) = postSolution
		SolutionGuid = {E68B9E3B-52FE-49E7-AAA6-3E8123D39C1B}
	EndGlobalSection
EndGlobal
