
Microsoft Visual Studio Solution File, Format Version 12.00
# Visual Studio Version 16
VisualStudioVersion = 16.0.31112.23
MinimumVisualStudioVersion = 10.0.40219.1
Project("{FAE04EC0-301F-11D3-BF4B-00C04F79EFBC}") = "Test01", "TestProject\Test01\Test01.csproj", "{2BFACDC3-F44D-4199-8498-F5C3C4AC0335}"
EndProject
Project("{FAE04EC0-301F-11D3-BF4B-00C04F79EFBC}") = "Test02", "TestProject\Test02\Test02.csproj", "{E461C0A8-8900-485C-B520-E929BA33F712}"
EndProject
Project("{2150E333-8FDC-42A3-9474-1A3956D46DE8}") = "TestProject", "TestProject", "{B134A2FB-EAD4-4F3F-A30D-B2DC59094AA5}"
EndProject
Project("{2150E333-8FDC-42A3-9474-1A3956D46DE8}") = "CarReportSystem", "CarReportSystem", "{349727B0-B20A-4C4E-9709-D9231AD0CDCB}"
EndProject
Project("{FAE04EC0-301F-11D3-BF4B-00C04F79EFBC}") = "CarReportSystem", "CarReportSystem\CarReportSystem\CarReportSystem.csproj", "{33A551E3-F73D-4001-B080-5CADD9DD65F9}"
EndProject
Project("{2150E333-8FDC-42A3-9474-1A3956D46DE8}") = "Chapter09", "Chapter09", "{BBFF2AF9-6D5D-4652-A63E-5BF6E7A1A269}"
EndProject
Project("{FAE04EC0-301F-11D3-BF4B-00C04F79EFBC}") = "Exercise1", "Chapter09\Exercise1\Exercise1.csproj", "{9AFB6F0B-4928-402C-85CB-12649C9D9BFB}"
EndProject
Project("{FAE04EC0-301F-11D3-BF4B-00C04F79EFBC}") = "Exercise2", "Chapter09\Exercise2\Exercise2.csproj", "{1EEF2719-9FC9-4841-87FF-62FA6AB48DB0}"
EndProject
Project("{FAE04EC0-301F-11D3-BF4B-00C04F79EFBC}") = "Exercise3", "Chapter09\Exercise3\Exercise3.csproj", "{BAC0C9EF-243C-47C7-895A-B664147655E3}"
EndProject
Project("{FAE04EC0-301F-11D3-BF4B-00C04F79EFBC}") = "Exercise4", "Chapter09\Exercise4\Exercise4.csproj", "{42E9090C-910E-463B-AB2B-208C8FFD5B58}"
EndProject
Project("{FAE04EC0-301F-11D3-BF4B-00C04F79EFBC}") = "Exercise5", "Chapter09\Exercise5\Exercise5.csproj", "{E5628A70-63DD-43C0-AD33-B16E204E0440}"
EndProject
Project("{FAE04EC0-301F-11D3-BF4B-00C04F79EFBC}") = "Sample0823", "Sample0823\Sample0823.csproj", "{C681CA55-8634-436D-9135-51DDE8EC2465}"
EndProject
Project("{FAE04EC0-301F-11D3-BF4B-00C04F79EFBC}") = "Section01", "Chapter11\Section01\Section01.csproj", "{4A8D910B-D7C2-424D-96EE-1FB6B00278D2}"
EndProject
Project("{2150E333-8FDC-42A3-9474-1A3956D46DE8}") = "Chapter11", "Chapter11", "{534E7E04-2163-4F63-8FD9-CD7BDE21F2D6}"
EndProject
Project("{FAE04EC0-301F-11D3-BF4B-00C04F79EFBC}") = "Exercise1", "Chapter11\Exercise1\Exercise1.csproj", "{987256BE-6C43-4792-AE46-C4383CC9FAE7}"
EndProject
Project("{FAE04EC0-301F-11D3-BF4B-00C04F79EFBC}") = "Section02", "Chapter11\Section02\Section02.csproj", "{70CCA0AB-AD83-4456-944C-E9289A9E43D0}"
EndProject
Project("{FAE04EC0-301F-11D3-BF4B-00C04F79EFBC}") = "Exercise2", "Chapter11\Exercise2\Exercise2.csproj", "{DF22243E-AC92-4E78-9270-BB914A7AD9C0}"
EndProject
Project("{2150E333-8FDC-42A3-9474-1A3956D46DE8}") = "Chapter14", "Chapter14", "{A405AC20-C0D4-40E7-A060-920E9890D3E2}"
EndProject
Project("{FAE04EC0-301F-11D3-BF4B-00C04F79EFBC}") = "Section04", "Chapter14\Section04\Section04.csproj", "{BCB5B32F-79A1-4E49-AACA-B227BDB22FAC}"
EndProject
Project("{2150E333-8FDC-42A3-9474-1A3956D46DE8}") = "WeatherApp", "WeatherApp", "{010AA8A1-8137-4DFD-B823-A9B1007C3792}"
EndProject
Project("{FAE04EC0-301F-11D3-BF4B-00C04F79EFBC}") = "WeatherApp", "WeatherApp\WeatherApp\WeatherApp.csproj", "{5C6E3441-ACE7-45A8-A513-B51E55EC9099}"
EndProject
Project("{2150E333-8FDC-42A3-9474-1A3956D46DE8}") = "RSSReader", "RSSReader", "{4966EE44-517D-4810-B287-7D4669AF6211}"
EndProject
Project("{FAE04EC0-301F-11D3-BF4B-00C04F79EFBC}") = "RssReader", "RssReader\RssReader\RssReader.csproj", "{155F31C3-FF78-4206-A198-2573D32A866E}"
EndProject
Project("{2150E333-8FDC-42A3-9474-1A3956D46DE8}") = "WebAPI1", "WebAPI1", "{C2EF1F1D-E657-4B06-B7C2-9B18875C4A8D}"
EndProject
Project("{FAE04EC0-301F-11D3-BF4B-00C04F79EFBC}") = "WebAPI1", "WebAPI1\WebAPI1\WebAPI1.csproj", "{4E6FE7E2-64A9-4CCD-BC7C-2E604CAB9444}"
EndProject
Project("{2150E333-8FDC-42A3-9474-1A3956D46DE8}") = "SendMail", "SendMail", "{89F2287B-9C35-45BE-9BDA-E2134682178A}"
EndProject
Project("{FAE04EC0-301F-11D3-BF4B-00C04F79EFBC}") = "SendMail", "SendMail\SendMail\SendMail.csproj", "{7DB81AB6-FF53-4C00-8D68-C25ECE19D7B7}"
EndProject
Project("{FAE04EC0-301F-11D3-BF4B-00C04F79EFBC}") = "Section04_Json", "Chapter14\Section04\Section04_Json\Section04_Json.csproj", "{7045FC50-DE53-412A-940B-80B7C00363CC}"
EndProject
Project("{FAE04EC0-301F-11D3-BF4B-00C04F79EFBC}") = "SampleEntityFramework", "EntityFramework\SampleEntityFramework\SampleEntityFramework.csproj", "{C6C2C5AF-6BDB-4C2C-B10E-5DAF3D878F1A}"
EndProject
Project("{2150E333-8FDC-42A3-9474-1A3956D46DE8}") = "Chapter13", "Chapter13", "{8C582365-CCC0-4C98-8BC2-E21725DDA6B8}"
EndProject
Project("{2150E333-8FDC-42A3-9474-1A3956D46DE8}") = "ADO.NET", "ADO.NET", "{C29F752E-CC2C-41EE-A1D9-7D06863F470A}"
EndProject
Project("{FAE04EC0-301F-11D3-BF4B-00C04F79EFBC}") = "AddressBook", "ADO.NET\AddressBook\AddressBook.csproj", "{D475A4CC-F56B-4ADE-A097-995579F09804}"
EndProject
Project("{FAE04EC0-301F-11D3-BF4B-00C04F79EFBC}") = "SampleApp", "WPF\SampleApp\SampleApp.csproj", "{5B912317-0E2C-470A-95E6-5BE6F0FC2E0C}"
EndProject
Project("{2150E333-8FDC-42A3-9474-1A3956D46DE8}") = "WPF", "WPF", "{8BE4097B-E191-487C-82A1-CC0DF6BFB2F4}"
EndProject
Global
	GlobalSection(SolutionConfigurationPlatforms) = preSolution
		Debug|Any CPU = Debug|Any CPU
		Release|Any CPU = Release|Any CPU
	EndGlobalSection
	GlobalSection(ProjectConfigurationPlatforms) = postSolution
		{2BFACDC3-F44D-4199-8498-F5C3C4AC0335}.Debug|Any CPU.ActiveCfg = Debug|Any CPU
		{2BFACDC3-F44D-4199-8498-F5C3C4AC0335}.Debug|Any CPU.Build.0 = Debug|Any CPU
		{2BFACDC3-F44D-4199-8498-F5C3C4AC0335}.Release|Any CPU.ActiveCfg = Release|Any CPU
		{2BFACDC3-F44D-4199-8498-F5C3C4AC0335}.Release|Any CPU.Build.0 = Release|Any CPU
		{E461C0A8-8900-485C-B520-E929BA33F712}.Debug|Any CPU.ActiveCfg = Debug|Any CPU
		{E461C0A8-8900-485C-B520-E929BA33F712}.Debug|Any CPU.Build.0 = Debug|Any CPU
		{E461C0A8-8900-485C-B520-E929BA33F712}.Release|Any CPU.ActiveCfg = Release|Any CPU
		{E461C0A8-8900-485C-B520-E929BA33F712}.Release|Any CPU.Build.0 = Release|Any CPU
		{33A551E3-F73D-4001-B080-5CADD9DD65F9}.Debug|Any CPU.ActiveCfg = Debug|Any CPU
		{33A551E3-F73D-4001-B080-5CADD9DD65F9}.Debug|Any CPU.Build.0 = Debug|Any CPU
		{33A551E3-F73D-4001-B080-5CADD9DD65F9}.Release|Any CPU.ActiveCfg = Release|Any CPU
		{33A551E3-F73D-4001-B080-5CADD9DD65F9}.Release|Any CPU.Build.0 = Release|Any CPU
		{9AFB6F0B-4928-402C-85CB-12649C9D9BFB}.Debug|Any CPU.ActiveCfg = Debug|Any CPU
		{9AFB6F0B-4928-402C-85CB-12649C9D9BFB}.Debug|Any CPU.Build.0 = Debug|Any CPU
		{9AFB6F0B-4928-402C-85CB-12649C9D9BFB}.Release|Any CPU.ActiveCfg = Release|Any CPU
		{9AFB6F0B-4928-402C-85CB-12649C9D9BFB}.Release|Any CPU.Build.0 = Release|Any CPU
		{1EEF2719-9FC9-4841-87FF-62FA6AB48DB0}.Debug|Any CPU.ActiveCfg = Debug|Any CPU
		{1EEF2719-9FC9-4841-87FF-62FA6AB48DB0}.Debug|Any CPU.Build.0 = Debug|Any CPU
		{1EEF2719-9FC9-4841-87FF-62FA6AB48DB0}.Release|Any CPU.ActiveCfg = Release|Any CPU
		{1EEF2719-9FC9-4841-87FF-62FA6AB48DB0}.Release|Any CPU.Build.0 = Release|Any CPU
		{BAC0C9EF-243C-47C7-895A-B664147655E3}.Debug|Any CPU.ActiveCfg = Debug|Any CPU
		{BAC0C9EF-243C-47C7-895A-B664147655E3}.Debug|Any CPU.Build.0 = Debug|Any CPU
		{BAC0C9EF-243C-47C7-895A-B664147655E3}.Release|Any CPU.ActiveCfg = Release|Any CPU
		{BAC0C9EF-243C-47C7-895A-B664147655E3}.Release|Any CPU.Build.0 = Release|Any CPU
		{42E9090C-910E-463B-AB2B-208C8FFD5B58}.Debug|Any CPU.ActiveCfg = Debug|Any CPU
		{42E9090C-910E-463B-AB2B-208C8FFD5B58}.Debug|Any CPU.Build.0 = Debug|Any CPU
		{42E9090C-910E-463B-AB2B-208C8FFD5B58}.Release|Any CPU.ActiveCfg = Release|Any CPU
		{42E9090C-910E-463B-AB2B-208C8FFD5B58}.Release|Any CPU.Build.0 = Release|Any CPU
		{E5628A70-63DD-43C0-AD33-B16E204E0440}.Debug|Any CPU.ActiveCfg = Debug|Any CPU
		{E5628A70-63DD-43C0-AD33-B16E204E0440}.Debug|Any CPU.Build.0 = Debug|Any CPU
		{E5628A70-63DD-43C0-AD33-B16E204E0440}.Release|Any CPU.ActiveCfg = Release|Any CPU
		{E5628A70-63DD-43C0-AD33-B16E204E0440}.Release|Any CPU.Build.0 = Release|Any CPU
		{C681CA55-8634-436D-9135-51DDE8EC2465}.Debug|Any CPU.ActiveCfg = Debug|Any CPU
		{C681CA55-8634-436D-9135-51DDE8EC2465}.Debug|Any CPU.Build.0 = Debug|Any CPU
		{C681CA55-8634-436D-9135-51DDE8EC2465}.Release|Any CPU.ActiveCfg = Release|Any CPU
		{C681CA55-8634-436D-9135-51DDE8EC2465}.Release|Any CPU.Build.0 = Release|Any CPU
		{4A8D910B-D7C2-424D-96EE-1FB6B00278D2}.Debug|Any CPU.ActiveCfg = Debug|Any CPU
		{4A8D910B-D7C2-424D-96EE-1FB6B00278D2}.Debug|Any CPU.Build.0 = Debug|Any CPU
		{4A8D910B-D7C2-424D-96EE-1FB6B00278D2}.Release|Any CPU.ActiveCfg = Release|Any CPU
		{4A8D910B-D7C2-424D-96EE-1FB6B00278D2}.Release|Any CPU.Build.0 = Release|Any CPU
		{987256BE-6C43-4792-AE46-C4383CC9FAE7}.Debug|Any CPU.ActiveCfg = Debug|Any CPU
		{987256BE-6C43-4792-AE46-C4383CC9FAE7}.Debug|Any CPU.Build.0 = Debug|Any CPU
		{987256BE-6C43-4792-AE46-C4383CC9FAE7}.Release|Any CPU.ActiveCfg = Release|Any CPU
		{987256BE-6C43-4792-AE46-C4383CC9FAE7}.Release|Any CPU.Build.0 = Release|Any CPU
		{70CCA0AB-AD83-4456-944C-E9289A9E43D0}.Debug|Any CPU.ActiveCfg = Debug|Any CPU
		{70CCA0AB-AD83-4456-944C-E9289A9E43D0}.Debug|Any CPU.Build.0 = Debug|Any CPU
		{70CCA0AB-AD83-4456-944C-E9289A9E43D0}.Release|Any CPU.ActiveCfg = Release|Any CPU
		{70CCA0AB-AD83-4456-944C-E9289A9E43D0}.Release|Any CPU.Build.0 = Release|Any CPU
		{DF22243E-AC92-4E78-9270-BB914A7AD9C0}.Debug|Any CPU.ActiveCfg = Debug|Any CPU
		{DF22243E-AC92-4E78-9270-BB914A7AD9C0}.Debug|Any CPU.Build.0 = Debug|Any CPU
		{DF22243E-AC92-4E78-9270-BB914A7AD9C0}.Release|Any CPU.ActiveCfg = Release|Any CPU
		{DF22243E-AC92-4E78-9270-BB914A7AD9C0}.Release|Any CPU.Build.0 = Release|Any CPU
		{BCB5B32F-79A1-4E49-AACA-B227BDB22FAC}.Debug|Any CPU.ActiveCfg = Debug|Any CPU
		{BCB5B32F-79A1-4E49-AACA-B227BDB22FAC}.Debug|Any CPU.Build.0 = Debug|Any CPU
		{BCB5B32F-79A1-4E49-AACA-B227BDB22FAC}.Release|Any CPU.ActiveCfg = Release|Any CPU
		{BCB5B32F-79A1-4E49-AACA-B227BDB22FAC}.Release|Any CPU.Build.0 = Release|Any CPU
		{5C6E3441-ACE7-45A8-A513-B51E55EC9099}.Debug|Any CPU.ActiveCfg = Debug|Any CPU
		{5C6E3441-ACE7-45A8-A513-B51E55EC9099}.Debug|Any CPU.Build.0 = Debug|Any CPU
		{5C6E3441-ACE7-45A8-A513-B51E55EC9099}.Release|Any CPU.ActiveCfg = Release|Any CPU
		{5C6E3441-ACE7-45A8-A513-B51E55EC9099}.Release|Any CPU.Build.0 = Release|Any CPU
		{155F31C3-FF78-4206-A198-2573D32A866E}.Debug|Any CPU.ActiveCfg = Debug|Any CPU
		{155F31C3-FF78-4206-A198-2573D32A866E}.Debug|Any CPU.Build.0 = Debug|Any CPU
		{155F31C3-FF78-4206-A198-2573D32A866E}.Release|Any CPU.ActiveCfg = Release|Any CPU
		{155F31C3-FF78-4206-A198-2573D32A866E}.Release|Any CPU.Build.0 = Release|Any CPU
		{4E6FE7E2-64A9-4CCD-BC7C-2E604CAB9444}.Debug|Any CPU.ActiveCfg = Debug|Any CPU
		{4E6FE7E2-64A9-4CCD-BC7C-2E604CAB9444}.Debug|Any CPU.Build.0 = Debug|Any CPU
		{4E6FE7E2-64A9-4CCD-BC7C-2E604CAB9444}.Release|Any CPU.ActiveCfg = Release|Any CPU
		{4E6FE7E2-64A9-4CCD-BC7C-2E604CAB9444}.Release|Any CPU.Build.0 = Release|Any CPU
		{7DB81AB6-FF53-4C00-8D68-C25ECE19D7B7}.Debug|Any CPU.ActiveCfg = Debug|Any CPU
		{7DB81AB6-FF53-4C00-8D68-C25ECE19D7B7}.Debug|Any CPU.Build.0 = Debug|Any CPU
		{7DB81AB6-FF53-4C00-8D68-C25ECE19D7B7}.Release|Any CPU.ActiveCfg = Release|Any CPU
		{7DB81AB6-FF53-4C00-8D68-C25ECE19D7B7}.Release|Any CPU.Build.0 = Release|Any CPU
		{7045FC50-DE53-412A-940B-80B7C00363CC}.Debug|Any CPU.ActiveCfg = Debug|Any CPU
		{7045FC50-DE53-412A-940B-80B7C00363CC}.Debug|Any CPU.Build.0 = Debug|Any CPU
		{7045FC50-DE53-412A-940B-80B7C00363CC}.Release|Any CPU.ActiveCfg = Release|Any CPU
		{7045FC50-DE53-412A-940B-80B7C00363CC}.Release|Any CPU.Build.0 = Release|Any CPU
		{C6C2C5AF-6BDB-4C2C-B10E-5DAF3D878F1A}.Debug|Any CPU.ActiveCfg = Debug|Any CPU
		{C6C2C5AF-6BDB-4C2C-B10E-5DAF3D878F1A}.Debug|Any CPU.Build.0 = Debug|Any CPU
		{C6C2C5AF-6BDB-4C2C-B10E-5DAF3D878F1A}.Release|Any CPU.ActiveCfg = Release|Any CPU
		{C6C2C5AF-6BDB-4C2C-B10E-5DAF3D878F1A}.Release|Any CPU.Build.0 = Release|Any CPU
		{D475A4CC-F56B-4ADE-A097-995579F09804}.Debug|Any CPU.ActiveCfg = Debug|Any CPU
		{D475A4CC-F56B-4ADE-A097-995579F09804}.Debug|Any CPU.Build.0 = Debug|Any CPU
		{D475A4CC-F56B-4ADE-A097-995579F09804}.Release|Any CPU.ActiveCfg = Release|Any CPU
		{D475A4CC-F56B-4ADE-A097-995579F09804}.Release|Any CPU.Build.0 = Release|Any CPU
		{5B912317-0E2C-470A-95E6-5BE6F0FC2E0C}.Debug|Any CPU.ActiveCfg = Debug|Any CPU
		{5B912317-0E2C-470A-95E6-5BE6F0FC2E0C}.Debug|Any CPU.Build.0 = Debug|Any CPU
		{5B912317-0E2C-470A-95E6-5BE6F0FC2E0C}.Release|Any CPU.ActiveCfg = Release|Any CPU
		{5B912317-0E2C-470A-95E6-5BE6F0FC2E0C}.Release|Any CPU.Build.0 = Release|Any CPU
	EndGlobalSection
	GlobalSection(SolutionProperties) = preSolution
		HideSolutionNode = FALSE
	EndGlobalSection
	GlobalSection(NestedProjects) = preSolution
		{2BFACDC3-F44D-4199-8498-F5C3C4AC0335} = {B134A2FB-EAD4-4F3F-A30D-B2DC59094AA5}
		{E461C0A8-8900-485C-B520-E929BA33F712} = {B134A2FB-EAD4-4F3F-A30D-B2DC59094AA5}
		{33A551E3-F73D-4001-B080-5CADD9DD65F9} = {349727B0-B20A-4C4E-9709-D9231AD0CDCB}
		{9AFB6F0B-4928-402C-85CB-12649C9D9BFB} = {BBFF2AF9-6D5D-4652-A63E-5BF6E7A1A269}
		{1EEF2719-9FC9-4841-87FF-62FA6AB48DB0} = {BBFF2AF9-6D5D-4652-A63E-5BF6E7A1A269}
		{BAC0C9EF-243C-47C7-895A-B664147655E3} = {BBFF2AF9-6D5D-4652-A63E-5BF6E7A1A269}
		{42E9090C-910E-463B-AB2B-208C8FFD5B58} = {BBFF2AF9-6D5D-4652-A63E-5BF6E7A1A269}
		{E5628A70-63DD-43C0-AD33-B16E204E0440} = {BBFF2AF9-6D5D-4652-A63E-5BF6E7A1A269}
		{C681CA55-8634-436D-9135-51DDE8EC2465} = {A405AC20-C0D4-40E7-A060-920E9890D3E2}
		{4A8D910B-D7C2-424D-96EE-1FB6B00278D2} = {534E7E04-2163-4F63-8FD9-CD7BDE21F2D6}
		{987256BE-6C43-4792-AE46-C4383CC9FAE7} = {534E7E04-2163-4F63-8FD9-CD7BDE21F2D6}
		{70CCA0AB-AD83-4456-944C-E9289A9E43D0} = {534E7E04-2163-4F63-8FD9-CD7BDE21F2D6}
		{DF22243E-AC92-4E78-9270-BB914A7AD9C0} = {534E7E04-2163-4F63-8FD9-CD7BDE21F2D6}
		{BCB5B32F-79A1-4E49-AACA-B227BDB22FAC} = {A405AC20-C0D4-40E7-A060-920E9890D3E2}
		{5C6E3441-ACE7-45A8-A513-B51E55EC9099} = {010AA8A1-8137-4DFD-B823-A9B1007C3792}
		{155F31C3-FF78-4206-A198-2573D32A866E} = {4966EE44-517D-4810-B287-7D4669AF6211}
		{4E6FE7E2-64A9-4CCD-BC7C-2E604CAB9444} = {C2EF1F1D-E657-4B06-B7C2-9B18875C4A8D}
		{7DB81AB6-FF53-4C00-8D68-C25ECE19D7B7} = {89F2287B-9C35-45BE-9BDA-E2134682178A}
		{7045FC50-DE53-412A-940B-80B7C00363CC} = {A405AC20-C0D4-40E7-A060-920E9890D3E2}
		{C6C2C5AF-6BDB-4C2C-B10E-5DAF3D878F1A} = {8C582365-CCC0-4C98-8BC2-E21725DDA6B8}
		{D475A4CC-F56B-4ADE-A097-995579F09804} = {C29F752E-CC2C-41EE-A1D9-7D06863F470A}
		{5B912317-0E2C-470A-95E6-5BE6F0FC2E0C} = {8BE4097B-E191-487C-82A1-CC0DF6BFB2F4}
	EndGlobalSection
	GlobalSection(ExtensibilityGlobals) = postSolution
		SolutionGuid = {E68B9E3B-52FE-49E7-AAA6-3E8123D39C1B}
	EndGlobalSection
EndGlobal
